<?xml version="1.0" encoding="utf-8"?>
<Project ToolsVersion="4.0" xmlns="http://schemas.microsoft.com/developer/msbuild/2003">
  <ItemGroup>
    <Filter Include="소스 파일">
      <UniqueIdentifier>{4FC737F1-C7A5-4376-A066-2A32D752A2FF}</UniqueIdentifier>
      <Extensions>cpp;c;cc;cxx;c++;cppm;ixx;def;odl;idl;hpj;bat;asm;asmx</Extensions>
    </Filter>
    <Filter Include="헤더 파일">
      <UniqueIdentifier>{93995380-89BD-4b04-88EB-625FBE52EBFB}</UniqueIdentifier>
      <Extensions>h;hh;hpp;hxx;h++;hm;inl;inc;ipp;xsd</Extensions>
    </Filter>
    <Filter Include="리소스 파일">
      <UniqueIdentifier>{67DA6AB6-F800-4c08-8B7A-83BB121AAD01}</UniqueIdentifier>
      <Extensions>rc;ico;cur;bmp;dlg;rc2;rct;bin;rgs;gif;jpg;jpeg;jpe;resx;tiff;tif;png;wav;mfcribbon-ms</Extensions>
    </Filter>
    <Filter Include="헤더 파일\Tcp">
      <UniqueIdentifier>{45f407b2-016c-4b0c-bcd1-b0a80b30af39}</UniqueIdentifier>
    </Filter>
    <Filter Include="소스 파일\Tcp">
      <UniqueIdentifier>{e1fcc5b8-c4a7-4a9c-9271-c72bd3257d92}</UniqueIdentifier>
    </Filter>
    <Filter Include="헤더 파일\Data">
      <UniqueIdentifier>{c7703f90-4d83-43d4-9c1a-84adefba97c7}</UniqueIdentifier>
    </Filter>
    <Filter Include="소스 파일\Data">
      <UniqueIdentifier>{fb67d630-d9c5-4655-9e1f-c182b3326a17}</UniqueIdentifier>
    </Filter>
    <Filter Include="헤더 파일\Util">
      <UniqueIdentifier>{ead5b6d7-75ce-407b-bc45-66b0c8b08433}</UniqueIdentifier>
    </Filter>
    <Filter Include="소스 파일\Util">
      <UniqueIdentifier>{2bf19520-bd93-4abd-88bf-ee20928262b4}</UniqueIdentifier>
    </Filter>
    <Filter Include="헤더 파일\Common">
      <UniqueIdentifier>{0666d487-5fdd-4fab-8b88-80681d17eec6}</UniqueIdentifier>
    </Filter>
    <Filter Include="소스 파일\Common">
      <UniqueIdentifier>{80c51dc7-45d5-4ee5-a18f-0f9d7f753458}</UniqueIdentifier>
    </Filter>
    <Filter Include="소스 파일\Object">
      <UniqueIdentifier>{ef654816-300b-4686-bfbf-a179086290c1}</UniqueIdentifier>
    </Filter>
    <Filter Include="헤더 파일\Object">
      <UniqueIdentifier>{f3a34dea-7b70-4b84-ab4c-3103c30ec3e0}</UniqueIdentifier>
    </Filter>
    <Filter Include="헤더 파일\Network">
      <UniqueIdentifier>{804a0da6-6b5e-4490-8485-1e741ab36b48}</UniqueIdentifier>
    </Filter>
    <Filter Include="소스 파일\Network">
      <UniqueIdentifier>{85c35396-7f2d-4982-a448-38ef46d74e03}</UniqueIdentifier>
    </Filter>
  </ItemGroup>
  <ItemGroup>
    <ClInclude Include="TcpSession.h">
      <Filter>헤더 파일\Tcp</Filter>
    </ClInclude>
    <ClInclude Include="TcpServer.h">
      <Filter>헤더 파일\Tcp</Filter>
    </ClInclude>
    <ClInclude Include="TcpClient.h">
      <Filter>헤더 파일\Tcp</Filter>
    </ClInclude>
    <ClInclude Include="Buffer.h">
      <Filter>헤더 파일\Data</Filter>
    </ClInclude>
    <ClInclude Include="Serialize.h">
      <Filter>헤더 파일\Data</Filter>
    </ClInclude>
    <ClInclude Include="Deserialize.h">
      <Filter>헤더 파일\Data</Filter>
    </ClInclude>
    <ClInclude Include="Cell.h">
      <Filter>헤더 파일\Data</Filter>
    </ClInclude>
    <ClInclude Include="Request.h">
      <Filter>헤더 파일\Tcp</Filter>
    </ClInclude>
    <ClInclude Include="Random.h">
      <Filter>헤더 파일\Util</Filter>
    </ClInclude>
    <ClInclude Include="Define.h">
      <Filter>헤더 파일</Filter>
    </ClInclude>
    <ClInclude Include="Response.h">
      <Filter>헤더 파일\Tcp</Filter>
    </ClInclude>
    <ClInclude Include="Common.hpp">
      <Filter>헤더 파일\Util</Filter>
    </ClInclude>
    <ClInclude Include="Singleton.h">
      <Filter>헤더 파일\Common</Filter>
    </ClInclude>
    <ClInclude Include="TimerObject.h">
      <Filter>헤더 파일\Object</Filter>
    </ClInclude>
    <ClInclude Include="BaseObject.h">
      <Filter>헤더 파일\Object</Filter>
    </ClInclude>
    <ClInclude Include="ObjectPoolManager.h">
      <Filter>헤더 파일\Common</Filter>
    </ClInclude>
    <ClInclude Include="SessionBase.h">
      <Filter>헤더 파일\Network</Filter>
    </ClInclude>
    <ClInclude Include="ServerBase.h">
      <Filter>헤더 파일\Network</Filter>
    </ClInclude>
    <ClInclude Include="TcpServerBase.h">
      <Filter>헤더 파일\Network</Filter>
    </ClInclude>
    <ClInclude Include="TcpSessionBase.h">
      <Filter>헤더 파일\Network</Filter>
    </ClInclude>
    <ClInclude Include="ClientBase.h">
      <Filter>헤더 파일\Network</Filter>
    </ClInclude>
  </ItemGroup>
  <ItemGroup>
    <ClCompile Include="TcpSession.cpp">
      <Filter>소스 파일\Tcp</Filter>
    </ClCompile>
    <ClCompile Include="TcpServer.cpp">
      <Filter>소스 파일\Tcp</Filter>
    </ClCompile>
    <ClCompile Include="TcpClient.cpp">
      <Filter>소스 파일\Tcp</Filter>
    </ClCompile>
    <ClCompile Include="Buffer.cpp">
      <Filter>소스 파일\Data</Filter>
    </ClCompile>
    <ClCompile Include="Serialize.cpp">
      <Filter>소스 파일\Data</Filter>
    </ClCompile>
    <ClCompile Include="Deserialize.cpp">
      <Filter>소스 파일\Data</Filter>
    </ClCompile>
    <ClCompile Include="Random.cpp">
      <Filter>소스 파일\Util</Filter>
    </ClCompile>
    <ClCompile Include="TimerObject.cpp">
      <Filter>소스 파일\Object</Filter>
    </ClCompile>
    <ClCompile Include="BaseObject.cpp">
      <Filter>소스 파일\Object</Filter>
    </ClCompile>
    <ClCompile Include="TcpServerBase.cpp">
      <Filter>소스 파일\Network</Filter>
    </ClCompile>
    <ClCompile Include="TcpSessionBase.cpp">
      <Filter>소스 파일\Network</Filter>
    </ClCompile>
  </ItemGroup>
</Project>